
Microsoft Visual Studio Solution File, Format Version 12.00
# Visual Studio Version 17
VisualStudioVersion = 17.5.002.0
MinimumVisualStudioVersion = 10.0.40219.1
Project("{9A19103F-16F7-4668-BE54-9A1E7A4F7556}") = "StudentSorter", "StudentSorter\StudentSorter.csproj", "{191F482C-910B-489F-BAD7-DBC992A409E7}"
EndProject
Global
	GlobalSection(SolutionConfigurationPlatforms) = preSolution
		Debug|Any CPU = Debug|Any CPU
		Release|Any CPU = Release|Any CPU
	EndGlobalSection
	GlobalSection(ProjectConfigurationPlatforms) = postSolution
		{191F482C-910B-489F-BAD7-DBC992A409E7}.Debug|Any CPU.ActiveCfg = Debug|Any CPU
		{191F482C-910B-489F-BAD7-DBC992A409E7}.Debug|Any CPU.Build.0 = Debug|Any CPU
		{191F482C-910B-489F-BAD7-DBC992A409E7}.Release|Any CPU.ActiveCfg = Release|Any CPU
		{191F482C-910B-489F-BAD7-DBC992A409E7}.Release|Any CPU.Build.0 = Release|Any CPU
	EndGlobalSection
	GlobalSection(SolutionProperties) = preSolution
		HideSolutionNode = FALSE
	EndGlobalSection
	GlobalSection(ExtensibilityGlobals) = postSolution
		SolutionGuid = {72AC5FD6-7F27-40F6-A806-E92EDFDE51A8}
	EndGlobalSection
EndGlobal
